PODS:
  - Bandyer (3.6.3)
  - BandyerBroadcastExtension (1.2.0)
  - boost (1.76.0)
  - DoubleConversion (1.1.6)
  - FBLazyVector (0.71.9)
  - FBReactNativeSpec (0.71.9):
    - RCT-Folly (= 2021.07.22.00)
    - RCTRequired (= 0.71.9)
    - RCTTypeSafety (= 0.71.9)
    - React-Core (= 0.71.9)
    - React-jsi (= 0.71.9)
    - ReactCommon/turbomodule/core (= 0.71.9)
  - Firebase/CoreOnly (10.7.0):
    - FirebaseCore (= 10.7.0)
  - Firebase/Messaging (10.7.0):
    - Firebase/CoreOnly
    - FirebaseMessaging (~> 10.7.0)
  - FirebaseCore (10.7.0):
    - FirebaseCoreInternal (~> 10.0)
    - GoogleUtilities/Environment (~> 7.8)
    - GoogleUtilities/Logger (~> 7.8)
  - FirebaseCoreExtension (10.7.0):
    - FirebaseCore (~> 10.0)
  - FirebaseCoreInternal (10.10.0):
    - "GoogleUtilities/NSData+zlib (~> 7.8)"
  - FirebaseInstallations (10.10.0):
    - FirebaseCore (~> 10.0)
    - GoogleUtilities/Environment (~> 7.8)
    - GoogleUtilities/UserDefaults (~> 7.8)
    - PromisesObjC (~> 2.1)
  - FirebaseMessaging (10.7.0):
    - FirebaseCore (~> 10.0)
    - FirebaseInstallations (~> 10.0)
    - GoogleDataTransport (~> 9.2)
    - GoogleUtilities/AppDelegateSwizzler (~> 7.8)
    - GoogleUtilities/Environment (~> 7.8)
    - GoogleUtilities/Reachability (~> 7.8)
    - GoogleUtilities/UserDefaults (~> 7.8)
    - nanopb (< 2.30910.0, >= 2.30908.0)
  - fmt (6.2.1)
  - glog (0.3.5)
  - GoogleDataTransport (9.2.3):
    - GoogleUtilities/Environment (~> 7.7)
    - nanopb (< 2.30910.0, >= 2.30908.0)
    - PromisesObjC (< 3.0, >= 1.2)
  - GoogleUtilities/AppDelegateSwizzler (7.11.1):
    - GoogleUtilities/Environment
    - GoogleUtilities/Logger
    - GoogleUtilities/Network
  - GoogleUtilities/Environment (7.11.1):
    - PromisesObjC (< 3.0, >= 1.2)
  - GoogleUtilities/Logger (7.11.1):
    - GoogleUtilities/Environment
  - GoogleUtilities/Network (7.11.1):
    - GoogleUtilities/Logger
    - "GoogleUtilities/NSData+zlib"
    - GoogleUtilities/Reachability
  - "GoogleUtilities/NSData+zlib (7.11.1)"
  - GoogleUtilities/Reachability (7.11.1):
    - GoogleUtilities/Logger
  - GoogleUtilities/UserDefaults (7.11.1):
    - GoogleUtilities/Logger
  - hermes-engine (0.71.9):
    - hermes-engine/Pre-built (= 0.71.9)
  - hermes-engine/Pre-built (0.71.9)
  - libevent (2.1.12)
  - nanopb (2.30909.0):
    - nanopb/decode (= 2.30909.0)
    - nanopb/encode (= 2.30909.0)
  - nanopb/decode (2.30909.0)
  - nanopb/encode (2.30909.0)
  - PromisesObjC (2.2.0)
  - RCT-Folly (2021.07.22.00):
    - boost
    - DoubleConversion
    - fmt (~> 6.2.1)
    - glog
    - RCT-Folly/Default (= 2021.07.22.00)
  - RCT-Folly/Default (2021.07.22.00):
    - boost
    - DoubleConversion
    - fmt (~> 6.2.1)
    - glog
  - RCT-Folly/Futures (2021.07.22.00):
    - boost
    - DoubleConversion
    - fmt (~> 6.2.1)
    - glog
    - libevent
  - RCTRequired (0.71.9)
  - RCTTypeSafety (0.71.9):
    - FBLazyVector (= 0.71.9)
    - RCTRequired (= 0.71.9)
    - React-Core (= 0.71.9)
  - React (0.71.9):
    - React-Core (= 0.71.9)
    - React-Core/DevSupport (= 0.71.9)
    - React-Core/RCTWebSocket (= 0.71.9)
    - React-RCTActionSheet (= 0.71.9)
    - React-RCTAnimation (= 0.71.9)
    - React-RCTBlob (= 0.71.9)
    - React-RCTImage (= 0.71.9)
    - React-RCTLinking (= 0.71.9)
    - React-RCTNetwork (= 0.71.9)
    - React-RCTSettings (= 0.71.9)
    - React-RCTText (= 0.71.9)
    - React-RCTVibration (= 0.71.9)
  - React-callinvoker (0.71.9)
  - React-Codegen (0.71.9):
    - FBReactNativeSpec
    - hermes-engine
    - RCT-Folly
    - RCTRequired
    - RCTTypeSafety
    - React-Core
    - React-jsi
    - React-jsiexecutor
    - ReactCommon/turbomodule/bridging
    - ReactCommon/turbomodule/core
  - React-Core (0.71.9):
    - glog
    - hermes-engine
    - RCT-Folly (= 2021.07.22.00)
    - React-Core/Default (= 0.71.9)
    - React-cxxreact (= 0.71.9)
    - React-hermes
    - React-jsi (= 0.71.9)
    - React-jsiexecutor (= 0.71.9)
    - React-perflogger (= 0.71.9)
    - Yoga
  - React-Core/CoreModulesHeaders (0.71.9):
    - glog
    - hermes-engine
    - RCT-Folly (= 2021.07.22.00)
    - React-Core/Default
    - React-cxxreact (= 0.71.9)
    - React-hermes
    - React-jsi (= 0.71.9)
    - React-jsiexecutor (= 0.71.9)
    - React-perflogger (= 0.71.9)
    - Yoga
  - React-Core/Default (0.71.9):
    - glog
    - hermes-engine
    - RCT-Folly (= 2021.07.22.00)
    - React-cxxreact (= 0.71.9)
    - React-hermes
    - React-jsi (= 0.71.9)
    - React-jsiexecutor (= 0.71.9)
    - React-perflogger (= 0.71.9)
    - Yoga
  - React-Core/DevSupport (0.71.9):
    - glog
    - hermes-engine
    - RCT-Folly (= 2021.07.22.00)
    - React-Core/Default (= 0.71.9)
    - React-Core/RCTWebSocket (= 0.71.9)
    - React-cxxreact (= 0.71.9)
    - React-hermes
    - React-jsi (= 0.71.9)
    - React-jsiexecutor (= 0.71.9)
    - React-jsinspector (= 0.71.9)
    - React-perflogger (= 0.71.9)
    - Yoga
  - React-Core/RCTActionSheetHeaders (0.71.9):
    - glog
    - hermes-engine
    - RCT-Folly (= 2021.07.22.00)
    - React-Core/Default
    - React-cxxreact (= 0.71.9)
    - React-hermes
    - React-jsi (= 0.71.9)
    - React-jsiexecutor (= 0.71.9)
    - React-perflogger (= 0.71.9)
    - Yoga
  - React-Core/RCTAnimationHeaders (0.71.9):
    - glog
    - hermes-engine
    - RCT-Folly (= 2021.07.22.00)
    - React-Core/Default
    - React-cxxreact (= 0.71.9)
    - React-hermes
    - React-jsi (= 0.71.9)
    - React-jsiexecutor (= 0.71.9)
    - React-perflogger (= 0.71.9)
    - Yoga
  - React-Core/RCTBlobHeaders (0.71.9):
    - glog
    - hermes-engine
    - RCT-Folly (= 2021.07.22.00)
    - React-Core/Default
    - React-cxxreact (= 0.71.9)
    - React-hermes
    - React-jsi (= 0.71.9)
    - React-jsiexecutor (= 0.71.9)
    - React-perflogger (= 0.71.9)
    - Yoga
  - React-Core/RCTImageHeaders (0.71.9):
    - glog
    - hermes-engine
    - RCT-Folly (= 2021.07.22.00)
    - React-Core/Default
    - React-cxxreact (= 0.71.9)
    - React-hermes
    - React-jsi (= 0.71.9)
    - React-jsiexecutor (= 0.71.9)
    - React-perflogger (= 0.71.9)
    - Yoga
  - React-Core/RCTLinkingHeaders (0.71.9):
    - glog
    - hermes-engine
    - RCT-Folly (= 2021.07.22.00)
    - React-Core/Default
    - React-cxxreact (= 0.71.9)
    - React-hermes
    - React-jsi (= 0.71.9)
    - React-jsiexecutor (= 0.71.9)
    - React-perflogger (= 0.71.9)
    - Yoga
  - React-Core/RCTNetworkHeaders (0.71.9):
    - glog
    - hermes-engine
    - RCT-Folly (= 2021.07.22.00)
    - React-Core/Default
    - React-cxxreact (= 0.71.9)
    - React-hermes
    - React-jsi (= 0.71.9)
    - React-jsiexecutor (= 0.71.9)
    - React-perflogger (= 0.71.9)
    - Yoga
  - React-Core/RCTSettingsHeaders (0.71.9):
    - glog
    - hermes-engine
    - RCT-Folly (= 2021.07.22.00)
    - React-Core/Default
    - React-cxxreact (= 0.71.9)
    - React-hermes
    - React-jsi (= 0.71.9)
    - React-jsiexecutor (= 0.71.9)
    - React-perflogger (= 0.71.9)
    - Yoga
  - React-Core/RCTTextHeaders (0.71.9):
    - glog
    - hermes-engine
    - RCT-Folly (= 2021.07.22.00)
    - React-Core/Default
    - React-cxxreact (= 0.71.9)
    - React-hermes
    - React-jsi (= 0.71.9)
    - React-jsiexecutor (= 0.71.9)
    - React-perflogger (= 0.71.9)
    - Yoga
  - React-Core/RCTVibrationHeaders (0.71.9):
    - glog
    - hermes-engine
    - RCT-Folly (= 2021.07.22.00)
    - React-Core/Default
    - React-cxxreact (= 0.71.9)
    - React-hermes
    - React-jsi (= 0.71.9)
    - React-jsiexecutor (= 0.71.9)
    - React-perflogger (= 0.71.9)
    - Yoga
  - React-Core/RCTWebSocket (0.71.9):
    - glog
    - hermes-engine
    - RCT-Folly (= 2021.07.22.00)
    - React-Core/Default (= 0.71.9)
    - React-cxxreact (= 0.71.9)
    - React-hermes
    - React-jsi (= 0.71.9)
    - React-jsiexecutor (= 0.71.9)
    - React-perflogger (= 0.71.9)
    - Yoga
  - React-CoreModules (0.71.9):
    - RCT-Folly (= 2021.07.22.00)
    - RCTTypeSafety (= 0.71.9)
    - React-Codegen (= 0.71.9)
    - React-Core/CoreModulesHeaders (= 0.71.9)
    - React-jsi (= 0.71.9)
    - React-RCTBlob
    - React-RCTImage (= 0.71.9)
    - ReactCommon/turbomodule/core (= 0.71.9)
  - React-cxxreact (0.71.9):
    - boost (= 1.76.0)
    - DoubleConversion
    - glog
    - hermes-engine
    - RCT-Folly (= 2021.07.22.00)
    - React-callinvoker (= 0.71.9)
    - React-jsi (= 0.71.9)
    - React-jsinspector (= 0.71.9)
    - React-logger (= 0.71.9)
    - React-perflogger (= 0.71.9)
    - React-runtimeexecutor (= 0.71.9)
  - React-hermes (0.71.9):
    - DoubleConversion
    - glog
    - hermes-engine
    - RCT-Folly (= 2021.07.22.00)
    - RCT-Folly/Futures (= 2021.07.22.00)
    - React-cxxreact (= 0.71.9)
    - React-jsi
    - React-jsiexecutor (= 0.71.9)
    - React-jsinspector (= 0.71.9)
    - React-perflogger (= 0.71.9)
  - React-jsi (0.71.9):
    - boost (= 1.76.0)
    - DoubleConversion
    - glog
    - hermes-engine
    - RCT-Folly (= 2021.07.22.00)
  - React-jsiexecutor (0.71.9):
    - DoubleConversion
    - glog
    - hermes-engine
    - RCT-Folly (= 2021.07.22.00)
    - React-cxxreact (= 0.71.9)
    - React-jsi (= 0.71.9)
    - React-perflogger (= 0.71.9)
  - React-jsinspector (0.71.9)
  - React-logger (0.71.9):
    - glog
  - react-native-safe-area-context (4.5.3):
    - RCT-Folly
    - RCTRequired
    - RCTTypeSafety
    - React-Core
    - ReactCommon/turbomodule/core
  - React-perflogger (0.71.9)
  - React-RCTActionSheet (0.71.9):
    - React-Core/RCTActionSheetHeaders (= 0.71.9)
  - React-RCTAnimation (0.71.9):
    - RCT-Folly (= 2021.07.22.00)
    - RCTTypeSafety (= 0.71.9)
    - React-Codegen (= 0.71.9)
    - React-Core/RCTAnimationHeaders (= 0.71.9)
    - React-jsi (= 0.71.9)
    - ReactCommon/turbomodule/core (= 0.71.9)
  - React-RCTAppDelegate (0.71.9):
    - RCT-Folly
    - RCTRequired
    - RCTTypeSafety
    - React-Core
    - ReactCommon/turbomodule/core
  - React-RCTBlob (0.71.9):
    - hermes-engine
    - RCT-Folly (= 2021.07.22.00)
    - React-Codegen (= 0.71.9)
    - React-Core/RCTBlobHeaders (= 0.71.9)
    - React-Core/RCTWebSocket (= 0.71.9)
    - React-jsi (= 0.71.9)
    - React-RCTNetwork (= 0.71.9)
    - ReactCommon/turbomodule/core (= 0.71.9)
  - React-RCTImage (0.71.9):
    - RCT-Folly (= 2021.07.22.00)
    - RCTTypeSafety (= 0.71.9)
    - React-Codegen (= 0.71.9)
    - React-Core/RCTImageHeaders (= 0.71.9)
    - React-jsi (= 0.71.9)
    - React-RCTNetwork (= 0.71.9)
    - ReactCommon/turbomodule/core (= 0.71.9)
  - React-RCTLinking (0.71.9):
    - React-Codegen (= 0.71.9)
    - React-Core/RCTLinkingHeaders (= 0.71.9)
    - React-jsi (= 0.71.9)
    - ReactCommon/turbomodule/core (= 0.71.9)
  - React-RCTNetwork (0.71.9):
    - RCT-Folly (= 2021.07.22.00)
    - RCTTypeSafety (= 0.71.9)
    - React-Codegen (= 0.71.9)
    - React-Core/RCTNetworkHeaders (= 0.71.9)
    - React-jsi (= 0.71.9)
    - ReactCommon/turbomodule/core (= 0.71.9)
  - React-RCTSettings (0.71.9):
    - RCT-Folly (= 2021.07.22.00)
    - RCTTypeSafety (= 0.71.9)
    - React-Codegen (= 0.71.9)
    - React-Core/RCTSettingsHeaders (= 0.71.9)
    - React-jsi (= 0.71.9)
    - ReactCommon/turbomodule/core (= 0.71.9)
  - React-RCTText (0.71.9):
    - React-Core/RCTTextHeaders (= 0.71.9)
  - React-RCTVibration (0.71.9):
    - RCT-Folly (= 2021.07.22.00)
    - React-Codegen (= 0.71.9)
    - React-Core/RCTVibrationHeaders (= 0.71.9)
    - React-jsi (= 0.71.9)
    - ReactCommon/turbomodule/core (= 0.71.9)
  - React-runtimeexecutor (0.71.9):
    - React-jsi (= 0.71.9)
  - ReactCommon/turbomodule/bridging (0.71.9):
    - DoubleConversion
    - glog
    - hermes-engine
    - RCT-Folly (= 2021.07.22.00)
    - React-callinvoker (= 0.71.9)
    - React-Core (= 0.71.9)
    - React-cxxreact (= 0.71.9)
    - React-jsi (= 0.71.9)
    - React-logger (= 0.71.9)
    - React-perflogger (= 0.71.9)
  - ReactCommon/turbomodule/core (0.71.9):
    - DoubleConversion
    - glog
    - hermes-engine
    - RCT-Folly (= 2021.07.22.00)
    - React-callinvoker (= 0.71.9)
    - React-Core (= 0.71.9)
    - React-cxxreact (= 0.71.9)
    - React-jsi (= 0.71.9)
    - React-logger (= 0.71.9)
    - React-perflogger (= 0.71.9)
  - RNCAsyncStorage (1.18.2):
    - React-Core
  - RNDeviceInfo (10.6.0):
    - React-Core
  - RNFBApp (17.5.0):
    - Firebase/CoreOnly (= 10.7.0)
    - React-Core
  - RNFBMessaging (17.5.0):
    - Firebase/Messaging (= 10.7.0)
    - FirebaseCoreExtension (= 10.7.0)
    - React-Core
    - RNFBApp
  - video-react-native-module (0.1.0):
    - Bandyer (~> 3.6.3)
    - React-Core
  - Yoga (1.14.0)

DEPENDENCIES:
  - BandyerBroadcastExtension
  - boost (from `../node_modules/react-native/third-party-podspecs/boost.podspec`)
  - DoubleConversion (from `../node_modules/react-native/third-party-podspecs/DoubleConversion.podspec`)
  - FBLazyVector (from `../node_modules/react-native/Libraries/FBLazyVector`)
  - FBReactNativeSpec (from `../node_modules/react-native/React/FBReactNativeSpec`)
  - glog (from `../node_modules/react-native/third-party-podspecs/glog.podspec`)
  - hermes-engine (from `../node_modules/react-native/sdks/hermes-engine/hermes-engine.podspec`)
  - libevent (~> 2.1.12)
  - RCT-Folly (from `../node_modules/react-native/third-party-podspecs/RCT-Folly.podspec`)
  - RCTRequired (from `../node_modules/react-native/Libraries/RCTRequired`)
  - RCTTypeSafety (from `../node_modules/react-native/Libraries/TypeSafety`)
  - React (from `../node_modules/react-native/`)
  - React-callinvoker (from `../node_modules/react-native/ReactCommon/callinvoker`)
  - React-Codegen (from `build/generated/ios`)
  - React-Core (from `../node_modules/react-native/`)
  - React-Core/RCTWebSocket (from `../node_modules/react-native/`)
  - React-CoreModules (from `../node_modules/react-native/React/CoreModules`)
  - React-cxxreact (from `../node_modules/react-native/ReactCommon/cxxreact`)
  - React-hermes (from `../node_modules/react-native/ReactCommon/hermes`)
  - React-jsi (from `../node_modules/react-native/ReactCommon/jsi`)
  - React-jsiexecutor (from `../node_modules/react-native/ReactCommon/jsiexecutor`)
  - React-jsinspector (from `../node_modules/react-native/ReactCommon/jsinspector`)
  - React-logger (from `../node_modules/react-native/ReactCommon/logger`)
  - react-native-safe-area-context (from `../node_modules/react-native-safe-area-context`)
  - React-perflogger (from `../node_modules/react-native/ReactCommon/reactperflogger`)
  - React-RCTActionSheet (from `../node_modules/react-native/Libraries/ActionSheetIOS`)
  - React-RCTAnimation (from `../node_modules/react-native/Libraries/NativeAnimation`)
  - React-RCTAppDelegate (from `../node_modules/react-native/Libraries/AppDelegate`)
  - React-RCTBlob (from `../node_modules/react-native/Libraries/Blob`)
  - React-RCTImage (from `../node_modules/react-native/Libraries/Image`)
  - React-RCTLinking (from `../node_modules/react-native/Libraries/LinkingIOS`)
  - React-RCTNetwork (from `../node_modules/react-native/Libraries/Network`)
  - React-RCTSettings (from `../node_modules/react-native/Libraries/Settings`)
  - React-RCTText (from `../node_modules/react-native/Libraries/Text`)
  - React-RCTVibration (from `../node_modules/react-native/Libraries/Vibration`)
  - React-runtimeexecutor (from `../node_modules/react-native/ReactCommon/runtimeexecutor`)
  - ReactCommon/turbomodule/core (from `../node_modules/react-native/ReactCommon`)
  - "RNCAsyncStorage (from `../node_modules/@react-native-async-storage/async-storage`)"
  - RNDeviceInfo (from `../node_modules/react-native-device-info`)
  - "RNFBApp (from `../node_modules/@react-native-firebase/app`)"
  - "RNFBMessaging (from `../node_modules/@react-native-firebase/messaging`)"
  - video-react-native-module (from `../..`)
  - Yoga (from `../node_modules/react-native/ReactCommon/yoga`)

SPEC REPOS:
  trunk:
    - Bandyer
    - BandyerBroadcastExtension
    - Firebase
    - FirebaseCore
    - FirebaseCoreExtension
    - FirebaseCoreInternal
    - FirebaseInstallations
    - FirebaseMessaging
    - fmt
    - GoogleDataTransport
    - GoogleUtilities
    - libevent
    - nanopb
    - PromisesObjC

EXTERNAL SOURCES:
  boost:
    :podspec: "../node_modules/react-native/third-party-podspecs/boost.podspec"
  DoubleConversion:
    :podspec: "../node_modules/react-native/third-party-podspecs/DoubleConversion.podspec"
  FBLazyVector:
    :path: "../node_modules/react-native/Libraries/FBLazyVector"
  FBReactNativeSpec:
    :path: "../node_modules/react-native/React/FBReactNativeSpec"
  glog:
    :podspec: "../node_modules/react-native/third-party-podspecs/glog.podspec"
  hermes-engine:
    :podspec: "../node_modules/react-native/sdks/hermes-engine/hermes-engine.podspec"
  RCT-Folly:
    :podspec: "../node_modules/react-native/third-party-podspecs/RCT-Folly.podspec"
  RCTRequired:
    :path: "../node_modules/react-native/Libraries/RCTRequired"
  RCTTypeSafety:
    :path: "../node_modules/react-native/Libraries/TypeSafety"
  React:
    :path: "../node_modules/react-native/"
  React-callinvoker:
    :path: "../node_modules/react-native/ReactCommon/callinvoker"
  React-Codegen:
    :path: build/generated/ios
  React-Core:
    :path: "../node_modules/react-native/"
  React-CoreModules:
    :path: "../node_modules/react-native/React/CoreModules"
  React-cxxreact:
    :path: "../node_modules/react-native/ReactCommon/cxxreact"
  React-hermes:
    :path: "../node_modules/react-native/ReactCommon/hermes"
  React-jsi:
    :path: "../node_modules/react-native/ReactCommon/jsi"
  React-jsiexecutor:
    :path: "../node_modules/react-native/ReactCommon/jsiexecutor"
  React-jsinspector:
    :path: "../node_modules/react-native/ReactCommon/jsinspector"
  React-logger:
    :path: "../node_modules/react-native/ReactCommon/logger"
  react-native-safe-area-context:
    :path: "../node_modules/react-native-safe-area-context"
  React-perflogger:
    :path: "../node_modules/react-native/ReactCommon/reactperflogger"
  React-RCTActionSheet:
    :path: "../node_modules/react-native/Libraries/ActionSheetIOS"
  React-RCTAnimation:
    :path: "../node_modules/react-native/Libraries/NativeAnimation"
  React-RCTAppDelegate:
    :path: "../node_modules/react-native/Libraries/AppDelegate"
  React-RCTBlob:
    :path: "../node_modules/react-native/Libraries/Blob"
  React-RCTImage:
    :path: "../node_modules/react-native/Libraries/Image"
  React-RCTLinking:
    :path: "../node_modules/react-native/Libraries/LinkingIOS"
  React-RCTNetwork:
    :path: "../node_modules/react-native/Libraries/Network"
  React-RCTSettings:
    :path: "../node_modules/react-native/Libraries/Settings"
  React-RCTText:
    :path: "../node_modules/react-native/Libraries/Text"
  React-RCTVibration:
    :path: "../node_modules/react-native/Libraries/Vibration"
  React-runtimeexecutor:
    :path: "../node_modules/react-native/ReactCommon/runtimeexecutor"
  ReactCommon:
    :path: "../node_modules/react-native/ReactCommon"
  RNCAsyncStorage:
    :path: "../node_modules/@react-native-async-storage/async-storage"
  RNDeviceInfo:
    :path: "../node_modules/react-native-device-info"
  RNFBApp:
    :path: "../node_modules/@react-native-firebase/app"
  RNFBMessaging:
    :path: "../node_modules/@react-native-firebase/messaging"
  video-react-native-module:
    :path: "../.."
  Yoga:
    :path: "../node_modules/react-native/ReactCommon/yoga"

SPEC CHECKSUMS:
  Bandyer: d9f2aa82328210b5fc088b913e1cd7084cf96004
  BandyerBroadcastExtension: 975d1a3694d56c879b0545c7e9f5df8467cda209
  boost: 57d2868c099736d80fcd648bf211b4431e51a558
  DoubleConversion: 5189b271737e1565bdce30deb4a08d647e3f5f54
  FBLazyVector: 223c9b54fd7fcae08cb20a9920f504170258992e
  FBReactNativeSpec: e98eafbc9a9a4a20ae749ec5b1d0ec3424ee20c5
  Firebase: 0219acf760880eeec8ce479895bd7767466d9f81
  FirebaseCore: e317665b9d744727a97e623edbbed009320afdd7
  FirebaseCoreExtension: f17247ba8c61e4d3c8d136b5e2de3cb4ac6a85b6
  FirebaseCoreInternal: 971029061d326000d65bfdc21f5502c75c8b0893
  FirebaseInstallations: 52153982b057d3afcb4e1fbb3eb0b6d00611e681
  FirebaseMessaging: ac9062bcc35ed56e15a0241d8fd317022499baf8
  fmt: ff9d55029c625d3757ed641535fd4a75fedc7ce9
  glog: 04b94705f318337d7ead9e6d17c019bd9b1f6b1b
  GoogleDataTransport: f0308f5905a745f94fb91fea9c6cbaf3831cb1bd
  GoogleUtilities: 9aa0ad5a7bc171f8bae016300bfcfa3fb8425749
  hermes-engine: ddccc9f87dc272c3872572355d8e85052b573a0f
  libevent: 4049cae6c81cdb3654a443be001fb9bdceff7913
  nanopb: b552cce312b6c8484180ef47159bc0f65a1f0431
  PromisesObjC: 09985d6d70fbe7878040aa746d78236e6946d2ef
  RCT-Folly: 424b8c9a7a0b9ab2886ffe9c3b041ef628fd4fb1
  RCTRequired: edad2afb54f1621f3515ac77a02f395653e3e05d
  RCTTypeSafety: 2ebaa8a715c275a3ceef4dfe1c5233a0cc536025
  React: 44c6663ce20856fa777246f152e9c7b7360b148a
  React-callinvoker: 751caf06a3fa033e479e95cccdec1845c9ffb64a
  React-Codegen: 3390e5c63fba98ff7561898e533b3be2c66b411a
  React-Core: 2fa4ecdecd7efc9e7569051de99c96e2976b0da0
  React-CoreModules: 32195bf4fbc5af270c6c2f2023a695f267990951
  React-cxxreact: c57134abb3cee91c8e76135705582bff3adbe63f
  React-hermes: 23ba7f9e51f556c7ba4e645da8f287f2e6230ad7
  React-jsi: 9b87185ac7f26fdac1df228e3e30842eefc9f3f8
  React-jsiexecutor: f2759b459772b281f569181a75d48ed2f4df6416
  React-jsinspector: f4ccc5e774f1f7530f55f5367826f7158e3146aa
  React-logger: 48c0f8e4e2314c50661a827019b506c172328049
  react-native-safe-area-context: b8979f5eda6ed5903d4dbc885be3846ea3daa753
  React-perflogger: 78c280669d99aef163e23331366f5914a7298dae
  React-RCTActionSheet: 2698ce0f5d8fea91977c591c83de66b501c6d41d
  React-RCTAnimation: d9d448c8cc86549b0aa2c9f0c00d18c1efcebda5
  React-RCTAppDelegate: 2c8f0a99c839c381f1b5a837188ae47a20f1c1fa
  React-RCTBlob: 22f492cc6d3770e2733568603499fff32d6f244c
  React-RCTImage: 35125bdce3f7844fd143ca08157e5b99510489d8
  React-RCTLinking: 6737cc82844e5b459759808b9328c3629b1508d9
  React-RCTNetwork: f3fba5d794183275c12f3b7e5059b51f4c011a33
  React-RCTSettings: 61bdfc057d87071f1829663800faa4411ca82df1
  React-RCTText: ce7d4ed9473d9e58d4f0b17ef94fd954e8703072
  React-RCTVibration: 2dd0f31c4bd4294861a227e5cc12163e0c74b623
  React-runtimeexecutor: daf24a52db50b4d9af59d6b2295e70c5dd99da50
  ReactCommon: 62f768155efeb69e93291129bfbc2550945fe238
  RNCAsyncStorage: ddc4ee162bfd41b0d2c68bf2d95acd81dd7f1f93
  RNDeviceInfo: 475a4c447168d0ad4c807e48ef5e0963a0f4eb1b
  RNFBApp: 0d8bf86673bbad0524d1ceac3944d71ccf48a0e4
  RNFBMessaging: 4b8cb1215465bacca36d0fcfc2f51e7e2aa1bc91
  video-react-native-module: c42655718f75317f3c17153fe862265859423217
  Yoga: 540948b36b46e9469992c4d30ddcc21110b8afe5

PODFILE CHECKSUM: a65e60a34b77437b055c7dea246414c728033632

COCOAPODS: 1.12.1
