PODS:
  - KaleyraVideoSDK (4.2.0):
    - KaleyraVideoSDK/Core (= 4.2.0)
    - KaleyraVideoSDK/WebRTC (= 4.2.0)
  - KaleyraVideoSDK/Core (4.2.0)
  - KaleyraVideoSDK/WebRTC (4.2.0)
  - SwiftHamcrest (2.2.4)

DEPENDENCIES:
  - KaleyraVideoSDK (~> 4.2.0)
  - SwiftHamcrest (~> 2.2)

SPEC REPOS:
  trunk:
    - KaleyraVideoSDK
    - SwiftHamcrest

SPEC CHECKSUMS:
  KaleyraVideoSDK: ef6a49d53a5a28ac9130f876bbe9c50740f6d572
  SwiftHamcrest: a45dd878978049c0953259aa01c34fd7258d0340

PODFILE CHECKSUM: 76e073506033a21e05b1c14c22575213d629544a

COCOAPODS: 1.16.2
