PODS:
  - Bandyer (3.12.1):
    - Bandyer/Core (= 3.12.1)
    - Bandyer/WebRTC (= 3.12.1)
  - Bandyer/Core (3.12.1)
  - Bandyer/WebRTC (3.12.1)
  - SwiftHamcrest (2.2.4)

DEPENDENCIES:
  - Bandyer (~> 3.12.1)
  - SwiftHamcrest (~> 2.2)

SPEC REPOS:
  trunk:
    - Bandyer
    - SwiftHamcrest

SPEC CHECKSUMS:
  Bandyer: 85a49f0c6c3e2084075991dc05a37ae3b54ca9d8
  SwiftHamcrest: a45dd878978049c0953259aa01c34fd7258d0340

PODFILE CHECKSUM: eec3e41640e9473d6444b76c82ece16fcb50757e

COCOAPODS: 1.15.2
