PODS:
  - KaleyraVideoSDK (4.0.0):
    - KaleyraVideoSDK/Core (= 4.0.0)
    - KaleyraVideoSDK/WebRTC (= 4.0.0)
  - KaleyraVideoSDK/Core (4.0.0)
  - KaleyraVideoSDK/WebRTC (4.0.0)
  - SwiftHamcrest (2.2.4)

DEPENDENCIES:
  - KaleyraVideoSDK (~> 4.0.0)
  - SwiftHamcrest (~> 2.2)

SPEC REPOS:
  trunk:
    - KaleyraVideoSDK
    - SwiftHamcrest

SPEC CHECKSUMS:
  KaleyraVideoSDK: 2350e37e969a0b69bc36f0ea77c4c580b1579fa9
  SwiftHamcrest: a45dd878978049c0953259aa01c34fd7258d0340

PODFILE CHECKSUM: b048d01ca8b52521a6098cef14d564781e2b7242

COCOAPODS: 1.15.2
